// !$*UTF8*$!
{
	archiveVersion = 1;
	classes = {
	};
	objectVersion = 55;
	objects = {

/* Begin PBXBuildFile section */
		577BC390270F64810020CB2A /* AppDelegate.swift in Sources */ = {isa = PBXBuildFile; fileRef = 577BC38F270F64810020CB2A /* AppDelegate.swift */; };
		577BC392270F64810020CB2A /* SceneDelegate.swift in Sources */ = {isa = PBXBuildFile; fileRef = 577BC391270F64810020CB2A /* SceneDelegate.swift */; };
		577BC394270F64810020CB2A /* ViewController.swift in Sources */ = {isa = PBXBuildFile; fileRef = 577BC393270F64810020CB2A /* ViewController.swift */; };
		577BC397270F64810020CB2A /* Main.storyboard in Resources */ = {isa = PBXBuildFile; fileRef = 577BC395270F64810020CB2A /* Main.storyboard */; };
		577BC399270F64840020CB2A /* Assets.xcassets in Resources */ = {isa = PBXBuildFile; fileRef = 577BC398270F64840020CB2A /* Assets.xcassets */; };
		577BC39C270F64840020CB2A /* LaunchScreen.storyboard in Resources */ = {isa = PBXBuildFile; fileRef = 577BC39A270F64840020CB2A /* LaunchScreen.storyboard */; };
		577BC3A7270F64840020CB2A /* App_Ja_Bebeu_AguaTests.swift in Sources */ = {isa = PBXBuildFile; fileRef = 577BC3A6270F64840020CB2A /* App_Ja_Bebeu_AguaTests.swift */; };
		577BC3B1270F64840020CB2A /* App_Ja_Bebeu_AguaUITests.swift in Sources */ = {isa = PBXBuildFile; fileRef = 577BC3B0270F64840020CB2A /* App_Ja_Bebeu_AguaUITests.swift */; };
		577BC3B3270F64840020CB2A /* App_Ja_Bebeu_AguaUITestsLaunchTests.swift in Sources */ = {isa = PBXBuildFile; fileRef = 577BC3B2270F64840020CB2A /* App_Ja_Bebeu_AguaUITestsLaunchTests.swift */; };
/* End PBXBuildFile section */

/* Begin PBXContainerItemProxy section */
		577BC3A3270F64840020CB2A /* PBXContainerItemProxy */ = {
			isa = PBXContainerItemProxy;
			containerPortal = 577BC384270F64810020CB2A /* Project object */;
			proxyType = 1;
			remoteGlobalIDString = 577BC38B270F64810020CB2A;
			remoteInfo = "App Ja Bebeu Agua";
		};
		577BC3AD270F64840020CB2A /* PBXContainerItemProxy */ = {
			isa = PBXContainerItemProxy;
			containerPortal = 577BC384270F64810020CB2A /* Project object */;
			proxyType = 1;
			remoteGlobalIDString = 577BC38B270F64810020CB2A;
			remoteInfo = "App Ja Bebeu Agua";
		};
/* End PBXContainerItemProxy section */

/* Begin PBXFileReference section */
		577BC38C270F64810020CB2A /* App Ja Bebeu Agua.app */ = {isa = PBXFileReference; explicitFileType = wrapper.application; includeInIndex = 0; path = "App Ja Bebeu Agua.app"; sourceTree = BUILT_PRODUCTS_DIR; };
		577BC38F270F64810020CB2A /* AppDelegate.swift */ = {isa = PBXFileReference; lastKnownFileType = sourcecode.swift; path = AppDelegate.swift; sourceTree = "<group>"; };
		577BC391270F64810020CB2A /* SceneDelegate.swift */ = {isa = PBXFileReference; lastKnownFileType = sourcecode.swift; path = SceneDelegate.swift; sourceTree = "<group>"; };
		577BC393270F64810020CB2A /* ViewController.swift */ = {isa = PBXFileReference; lastKnownFileType = sourcecode.swift; path = ViewController.swift; sourceTree = "<group>"; };
		577BC396270F64810020CB2A /* Base */ = {isa = PBXFileReference; lastKnownFileType = file.storyboard; name = Base; path = Base.lproj/Main.storyboard; sourceTree = "<group>"; };
		577BC398270F64840020CB2A /* Assets.xcassets */ = {isa = PBXFileReference; lastKnownFileType = folder.assetcatalog; path = Assets.xcassets; sourceTree = "<group>"; };
		577BC39B270F64840020CB2A /* Base */ = {isa = PBXFileReference; lastKnownFileType = file.storyboard; name = Base; path = Base.lproj/LaunchScreen.storyboard; sourceTree = "<group>"; };
		577BC39D270F64840020CB2A /* Info.plist */ = {isa = PBXFileReference; lastKnownFileType = text.plist.xml; path = Info.plist; sourceTree = "<group>"; };
		577BC3A2270F64840020CB2A /* App Ja Bebeu AguaTests.xctest */ = {isa = PBXFileReference; explicitFileType = wrapper.cfbundle; includeInIndex = 0; path = "App Ja Bebeu AguaTests.xctest"; sourceTree = BUILT_PRODUCTS_DIR; };
		577BC3A6270F64840020CB2A /* App_Ja_Bebeu_AguaTests.swift */ = {isa = PBXFileReference; lastKnownFileType = sourcecode.swift; path = App_Ja_Bebeu_AguaTests.swift; sourceTree = "<group>"; };
		577BC3AC270F64840020CB2A /* App Ja Bebeu AguaUITests.xctest */ = {isa = PBXFileReference; explicitFileType = wrapper.cfbundle; includeInIndex = 0; path = "App Ja Bebeu AguaUITests.xctest"; sourceTree = BUILT_PRODUCTS_DIR; };
		577BC3B0270F64840020CB2A /* App_Ja_Bebeu_AguaUITests.swift */ = {isa = PBXFileReference; lastKnownFileType = sourcecode.swift; path = App_Ja_Bebeu_AguaUITests.swift; sourceTree = "<group>"; };
		577BC3B2270F64840020CB2A /* App_Ja_Bebeu_AguaUITestsLaunchTests.swift */ = {isa = PBXFileReference; lastKnownFileType = sourcecode.swift; path = App_Ja_Bebeu_AguaUITestsLaunchTests.swift; sourceTree = "<group>"; };
/* End PBXFileReference section */

/* Begin PBXFrameworksBuildPhase section */
		577BC389270F64810020CB2A /* Frameworks */ = {
			isa = PBXFrameworksBuildPhase;
			buildActionMask = 2147483647;
			files = (
			);
			runOnlyForDeploymentPostprocessing = 0;
		};
		577BC39F270F64840020CB2A /* Frameworks */ = {
			isa = PBXFrameworksBuildPhase;
			buildActionMask = 2147483647;
			files = (
			);
			runOnlyForDeploymentPostprocessing = 0;
		};
		577BC3A9270F64840020CB2A /* Frameworks */ = {
			isa = PBXFrameworksBuildPhase;
			buildActionMask = 2147483647;
			files = (
			);
			runOnlyForDeploymentPostprocessing = 0;
		};
/* End PBXFrameworksBuildPhase section */

/* Begin PBXGroup section */
		577BC383270F64810020CB2A = {
			isa = PBXGroup;
			children = (
				577BC38E270F64810020CB2A /* App Ja Bebeu Agua */,
				577BC3A5270F64840020CB2A /* App Ja Bebeu AguaTests */,
				577BC3AF270F64840020CB2A /* App Ja Bebeu AguaUITests */,
				577BC38D270F64810020CB2A /* Products */,
			);
			sourceTree = "<group>";
		};
		577BC38D270F64810020CB2A /* Products */ = {
			isa = PBXGroup;
			children = (
				577BC38C270F64810020CB2A /* App Ja Bebeu Agua.app */,
				577BC3A2270F64840020CB2A /* App Ja Bebeu AguaTests.xctest */,
				577BC3AC270F64840020CB2A /* App Ja Bebeu AguaUITests.xctest */,
			);
			name = Products;
			sourceTree = "<group>";
		};
		577BC38E270F64810020CB2A /* App Ja Bebeu Agua */ = {
			isa = PBXGroup;
			children = (
				577BC38F270F64810020CB2A /* AppDelegate.swift */,
				577BC391270F64810020CB2A /* SceneDelegate.swift */,
				577BC393270F64810020CB2A /* ViewController.swift */,
				577BC395270F64810020CB2A /* Main.storyboard */,
				577BC398270F64840020CB2A /* Assets.xcassets */,
				577BC39A270F64840020CB2A /* LaunchScreen.storyboard */,
				577BC39D270F64840020CB2A /* Info.plist */,
			);
			path = "App Ja Bebeu Agua";
			sourceTree = "<group>";
		};
		577BC3A5270F64840020CB2A /* App Ja Bebeu AguaTests */ = {
			isa = PBXGroup;
			children = (
				577BC3A6270F64840020CB2A /* App_Ja_Bebeu_AguaTests.swift */,
			);
			path = "App Ja Bebeu AguaTests";
			sourceTree = "<group>";
		};
		577BC3AF270F64840020CB2A /* App Ja Bebeu AguaUITests */ = {
			isa = PBXGroup;
			children = (
				577BC3B0270F64840020CB2A /* App_Ja_Bebeu_AguaUITests.swift */,
				577BC3B2270F64840020CB2A /* App_Ja_Bebeu_AguaUITestsLaunchTests.swift */,
			);
			path = "App Ja Bebeu AguaUITests";
			sourceTree = "<group>";
		};
/* End PBXGroup section */

/* Begin PBXNativeTarget section */
		577BC38B270F64810020CB2A /* App Ja Bebeu Agua */ = {
			isa = PBXNativeTarget;
			buildConfigurationList = 577BC3B6270F64840020CB2A /* Build configuration list for PBXNativeTarget "App Ja Bebeu Agua" */;
			buildPhases = (
				577BC388270F64810020CB2A /* Sources */,
				577BC389270F64810020CB2A /* Frameworks */,
				577BC38A270F64810020CB2A /* Resources */,
			);
			buildRules = (
			);
			dependencies = (
			);
			name = "App Ja Bebeu Agua";
			productName = "App Ja Bebeu Agua";
			productReference = 577BC38C270F64810020CB2A /* App Ja Bebeu Agua.app */;
			productType = "com.apple.product-type.application";
		};
		577BC3A1270F64840020CB2A /* App Ja Bebeu AguaTests */ = {
			isa = PBXNativeTarget;
			buildConfigurationList = 577BC3B9270F64840020CB2A /* Build configuration list for PBXNativeTarget "App Ja Bebeu AguaTests" */;
			buildPhases = (
				577BC39E270F64840020CB2A /* Sources */,
				577BC39F270F64840020CB2A /* Frameworks */,
				577BC3A0270F64840020CB2A /* Resources */,
			);
			buildRules = (
			);
			dependencies = (
				577BC3A4270F64840020CB2A /* PBXTargetDependency */,
			);
			name = "App Ja Bebeu AguaTests";
			productName = "App Ja Bebeu AguaTests";
			productReference = 577BC3A2270F64840020CB2A /* App Ja Bebeu AguaTests.xctest */;
			productType = "com.apple.product-type.bundle.unit-test";
		};
		577BC3AB270F64840020CB2A /* App Ja Bebeu AguaUITests */ = {
			isa = PBXNativeTarget;
			buildConfigurationList = 577BC3BC270F64840020CB2A /* Build configuration list for PBXNativeTarget "App Ja Bebeu AguaUITests" */;
			buildPhases = (
				577BC3A8270F64840020CB2A /* Sources */,
				577BC3A9270F64840020CB2A /* Frameworks */,
				577BC3AA270F64840020CB2A /* Resources */,
			);
			buildRules = (
			);
			dependencies = (
				577BC3AE270F64840020CB2A /* PBXTargetDependency */,
			);
			name = "App Ja Bebeu AguaUITests";
			productName = "App Ja Bebeu AguaUITests";
			productReference = 577BC3AC270F64840020CB2A /* App Ja Bebeu AguaUITests.xctest */;
			productType = "com.apple.product-type.bundle.ui-testing";
		};
/* End PBXNativeTarget section */

/* Begin PBXProject section */
		577BC384270F64810020CB2A /* Project object */ = {
			isa = PBXProject;
			attributes = {
				BuildIndependentTargetsInParallel = 1;
				LastSwiftUpdateCheck = 1300;
				LastUpgradeCheck = 1300;
				TargetAttributes = {
					577BC38B270F64810020CB2A = {
						CreatedOnToolsVersion = 13.0;
					};
					577BC3A1270F64840020CB2A = {
						CreatedOnToolsVersion = 13.0;
						TestTargetID = 577BC38B270F64810020CB2A;
					};
					577BC3AB270F64840020CB2A = {
						CreatedOnToolsVersion = 13.0;
						TestTargetID = 577BC38B270F64810020CB2A;
					};
				};
			};
			buildConfigurationList = 577BC387270F64810020CB2A /* Build configuration list for PBXProject "App Ja Bebeu Agua" */;
			compatibilityVersion = "Xcode 13.0";
			developmentRegion = en;
			hasScannedForEncodings = 0;
			knownRegions = (
				en,
				Base,
			);
			mainGroup = 577BC383270F64810020CB2A;
			productRefGroup = 577BC38D270F64810020CB2A /* Products */;
			projectDirPath = "";
			projectRoot = "";
			targets = (
				577BC38B270F64810020CB2A /* App Ja Bebeu Agua */,
				577BC3A1270F64840020CB2A /* App Ja Bebeu AguaTests */,
				577BC3AB270F64840020CB2A /* App Ja Bebeu AguaUITests */,
			);
		};
/* End PBXProject section */

/* Begin PBXResourcesBuildPhase section */
		577BC38A270F64810020CB2A /* Resources */ = {
			isa = PBXResourcesBuildPhase;
			buildActionMask = 2147483647;
			files = (
				577BC39C270F64840020CB2A /* LaunchScreen.storyboard in Resources */,
				577BC399270F64840020CB2A /* Assets.xcassets in Resources */,
				577BC397270F64810020CB2A /* Main.storyboard in Resources */,
			);
			runOnlyForDeploymentPostprocessing = 0;
		};
		577BC3A0270F64840020CB2A /* Resources */ = {
			isa = PBXResourcesBuildPhase;
			buildActionMask = 2147483647;
			files = (
			);
			runOnlyForDeploymentPostprocessing = 0;
		};
		577BC3AA270F64840020CB2A /* Resources */ = {
			isa = PBXResourcesBuildPhase;
			buildActionMask = 2147483647;
			files = (
			);
			runOnlyForDeploymentPostprocessing = 0;
		};
/* End PBXResourcesBuildPhase section */

/* Begin PBXSourcesBuildPhase section */
		577BC388270F64810020CB2A /* Sources */ = {
			isa = PBXSourcesBuildPhase;
			buildActionMask = 2147483647;
			files = (
				577BC394270F64810020CB2A /* ViewController.swift in Sources */,
				577BC390270F64810020CB2A /* AppDelegate.swift in Sources */,
				577BC392270F64810020CB2A /* SceneDelegate.swift in Sources */,
			);
			runOnlyForDeploymentPostprocessing = 0;
		};
		577BC39E270F64840020CB2A /* Sources */ = {
			isa = PBXSourcesBuildPhase;
			buildActionMask = 2147483647;
			files = (
				577BC3A7270F64840020CB2A /* App_Ja_Bebeu_AguaTests.swift in Sources */,
			);
			runOnlyForDeploymentPostprocessing = 0;
		};
		577BC3A8270F64840020CB2A /* Sources */ = {
			isa = PBXSourcesBuildPhase;
			buildActionMask = 2147483647;
			files = (
				577BC3B1270F64840020CB2A /* App_Ja_Bebeu_AguaUITests.swift in Sources */,
				577BC3B3270F64840020CB2A /* App_Ja_Bebeu_AguaUITestsLaunchTests.swift in Sources */,
			);
			runOnlyForDeploymentPostprocessing = 0;
		};
/* End PBXSourcesBuildPhase section */

/* Begin PBXTargetDependency section */
		577BC3A4270F64840020CB2A /* PBXTargetDependency */ = {
			isa = PBXTargetDependency;
			target = 577BC38B270F64810020CB2A /* App Ja Bebeu Agua */;
			targetProxy = 577BC3A3270F64840020CB2A /* PBXContainerItemProxy */;
		};
		577BC3AE270F64840020CB2A /* PBXTargetDependency */ = {
			isa = PBXTargetDependency;
			target = 577BC38B270F64810020CB2A /* App Ja Bebeu Agua */;
			targetProxy = 577BC3AD270F64840020CB2A /* PBXContainerItemProxy */;
		};
/* End PBXTargetDependency section */

/* Begin PBXVariantGroup section */
		577BC395270F64810020CB2A /* Main.storyboard */ = {
			isa = PBXVariantGroup;
			children = (
				577BC396270F64810020CB2A /* Base */,
			);
			name = Main.storyboard;
			sourceTree = "<group>";
		};
		577BC39A270F64840020CB2A /* LaunchScreen.storyboard */ = {
			isa = PBXVariantGroup;
			children = (
				577BC39B270F64840020CB2A /* Base */,
			);
			name = LaunchScreen.storyboard;
			sourceTree = "<group>";
		};
/* End PBXVariantGroup section */

/* Begin XCBuildConfiguration section */
		577BC3B4270F64840020CB2A /* Debug */ = {
			isa = XCBuildConfiguration;
			buildSettings = {
				ALWAYS_SEARCH_USER_PATHS = NO;
				CLANG_ANALYZER_NONNULL = YES;
				CLANG_ANALYZER_NUMBER_OBJECT_CONVERSION = YES_AGGRESSIVE;
				CLANG_CXX_LANGUAGE_STANDARD = "gnu++17";
				CLANG_CXX_LIBRARY = "libc++";
				CLANG_ENABLE_MODULES = YES;
				CLANG_ENABLE_OBJC_ARC = YES;
				CLANG_ENABLE_OBJC_WEAK = YES;
				CLANG_WARN_BLOCK_CAPTURE_AUTORELEASING = YES;
				CLANG_WARN_BOOL_CONVERSION = YES;
				CLANG_WARN_COMMA = YES;
				CLANG_WARN_CONSTANT_CONVERSION = YES;
				CLANG_WARN_DEPRECATED_OBJC_IMPLEMENTATIONS = YES;
				CLANG_WARN_DIRECT_OBJC_ISA_USAGE = YES_ERROR;
				CLANG_WARN_DOCUMENTATION_COMMENTS = YES;
				CLANG_WARN_EMPTY_BODY = YES;
				CLANG_WARN_ENUM_CONVERSION = YES;
				CLANG_WARN_INFINITE_RECURSION = YES;
				CLANG_WARN_INT_CONVERSION = YES;
				CLANG_WARN_NON_LITERAL_NULL_CONVERSION = YES;
				CLANG_WARN_OBJC_IMPLICIT_RETAIN_SELF = YES;
				CLANG_WARN_OBJC_LITERAL_CONVERSION = YES;
				CLANG_WARN_OBJC_ROOT_CLASS = YES_ERROR;
				CLANG_WARN_QUOTED_INCLUDE_IN_FRAMEWORK_HEADER = YES;
				CLANG_WARN_RANGE_LOOP_ANALYSIS = YES;
				CLANG_WARN_STRICT_PROTOTYPES = YES;
				CLANG_WARN_SUSPICIOUS_MOVE = YES;
				CLANG_WARN_UNGUARDED_AVAILABILITY = YES_AGGRESSIVE;
				CLANG_WARN_UNREACHABLE_CODE = YES;
				CLANG_WARN__DUPLICATE_METHOD_MATCH = YES;
				COPY_PHASE_STRIP = NO;
				DEBUG_INFORMATION_FORMAT = dwarf;
				ENABLE_STRICT_OBJC_MSGSEND = YES;
				ENABLE_TESTABILITY = YES;
				GCC_C_LANGUAGE_STANDARD = gnu11;
				GCC_DYNAMIC_NO_PIC = NO;
				GCC_NO_COMMON_BLOCKS = YES;
				GCC_OPTIMIZATION_LEVEL = 0;
				GCC_PREPROCESSOR_DEFINITIONS = (
					"DEBUG=1",
					"$(inherited)",
				);
				GCC_WARN_64_TO_32_BIT_CONVERSION = YES;
				GCC_WARN_ABOUT_RETURN_TYPE = YES_ERROR;
				GCC_WARN_UNDECLARED_SELECTOR = YES;
				GCC_WARN_UNINITIALIZED_AUTOS = YES_AGGRESSIVE;
				GCC_WARN_UNUSED_FUNCTION = YES;
				GCC_WARN_UNUSED_VARIABLE = YES;
				IPHONEOS_DEPLOYMENT_TARGET = 15.0;
				MTL_ENABLE_DEBUG_INFO = INCLUDE_SOURCE;
				MTL_FAST_MATH = YES;
				ONLY_ACTIVE_ARCH = YES;
				SDKROOT = iphoneos;
				SWIFT_ACTIVE_COMPILATION_CONDITIONS = DEBUG;
				SWIFT_OPTIMIZATION_LEVEL = "-Onone";
			};
			name = Debug;
		};
		577BC3B5270F64840020CB2A /* Release */ = {
			isa = XCBuildConfiguration;
			buildSettings = {
				ALWAYS_SEARCH_USER_PATHS = NO;
				CLANG_ANALYZER_NONNULL = YES;
				CLANG_ANALYZER_NUMBER_OBJECT_CONVERSION = YES_AGGRESSIVE;
				CLANG_CXX_LANGUAGE_STANDARD = "gnu++17";
				CLANG_CXX_LIBRARY = "libc++";
				CLANG_ENABLE_MODULES = YES;
				CLANG_ENABLE_OBJC_ARC = YES;
				CLANG_ENABLE_OBJC_WEAK = YES;
				CLANG_WARN_BLOCK_CAPTURE_AUTORELEASING = YES;
				CLANG_WARN_BOOL_CONVERSION = YES;
				CLANG_WARN_COMMA = YES;
				CLANG_WARN_CONSTANT_CONVERSION = YES;
				CLANG_WARN_DEPRECATED_OBJC_IMPLEMENTATIONS = YES;
				CLANG_WARN_DIRECT_OBJC_ISA_USAGE = YES_ERROR;
				CLANG_WARN_DOCUMENTATION_COMMENTS = YES;
				CLANG_WARN_EMPTY_BODY = YES;
				CLANG_WARN_ENUM_CONVERSION = YES;
				CLANG_WARN_INFINITE_RECURSION = YES;
				CLANG_WARN_INT_CONVERSION = YES;
				CLANG_WARN_NON_LITERAL_NULL_CONVERSION = YES;
				CLANG_WARN_OBJC_IMPLICIT_RETAIN_SELF = YES;
				CLANG_WARN_OBJC_LITERAL_CONVERSION = YES;
				CLANG_WARN_OBJC_ROOT_CLASS = YES_ERROR;
				CLANG_WARN_QUOTED_INCLUDE_IN_FRAMEWORK_HEADER = YES;
				CLANG_WARN_RANGE_LOOP_ANALYSIS = YES;
				CLANG_WARN_STRICT_PROTOTYPES = YES;
				CLANG_WARN_SUSPICIOUS_MOVE = YES;
				CLANG_WARN_UNGUARDED_AVAILABILITY = YES_AGGRESSIVE;
				CLANG_WARN_UNREACHABLE_CODE = YES;
				CLANG_WARN__DUPLICATE_METHOD_MATCH = YES;
				COPY_PHASE_STRIP = NO;
				DEBUG_INFORMATION_FORMAT = "dwarf-with-dsym";
				ENABLE_NS_ASSERTIONS = NO;
				ENABLE_STRICT_OBJC_MSGSEND = YES;
				GCC_C_LANGUAGE_STANDARD = gnu11;
				GCC_NO_COMMON_BLOCKS = YES;
				GCC_WARN_64_TO_32_BIT_CONVERSION = YES;
				GCC_WARN_ABOUT_RETURN_TYPE = YES_ERROR;
				GCC_WARN_UNDECLARED_SELECTOR = YES;
				GCC_WARN_UNINITIALIZED_AUTOS = YES_AGGRESSIVE;
				GCC_WARN_UNUSED_FUNCTION = YES;
				GCC_WARN_UNUSED_VARIABLE = YES;
				IPHONEOS_DEPLOYMENT_TARGET = 15.0;
				MTL_ENABLE_DEBUG_INFO = NO;
				MTL_FAST_MATH = YES;
				SDKROOT = iphoneos;
				SWIFT_COMPILATION_MODE = wholemodule;
				SWIFT_OPTIMIZATION_LEVEL = "-O";
				VALIDATE_PRODUCT = YES;
			};
			name = Release;
		};
		577BC3B7270F64840020CB2A /* Debug */ = {
			isa = XCBuildConfiguration;
			buildSettings = {
				ASSETCATALOG_COMPILER_APPICON_NAME = AppIcon;
				ASSETCATALOG_COMPILER_GLOBAL_ACCENT_COLOR_NAME = AccentColor;
				CODE_SIGN_STYLE = Automatic;
				CURRENT_PROJECT_VERSION = 1;
				DEVELOPMENT_TEAM = 7D8B57U5CD;
				GENERATE_INFOPLIST_FILE = YES;
				INFOPLIST_FILE = "App Ja Bebeu Agua/Info.plist";
				INFOPLIST_KEY_UIApplicationSupportsIndirectInputEvents = YES;
				INFOPLIST_KEY_UILaunchStoryboardName = LaunchScreen;
				INFOPLIST_KEY_UIMainStoryboardFile = Main;
				INFOPLIST_KEY_UISupportedInterfaceOrientations_iPad = "UIInterfaceOrientationPortrait UIInterfaceOrientationPortraitUpsideDown UIInterfaceOrientationLandscapeLeft UIInterfaceOrientationLandscapeRight";
				INFOPLIST_KEY_UISupportedInterfaceOrientations_iPhone = "UIInterfaceOrientationPortrait UIInterfaceOrientationLandscapeLeft UIInterfaceOrientationLandscapeRight";
				LD_RUNPATH_SEARCH_PATHS = (
					"$(inherited)",
					"@executable_path/Frameworks",
				);
				MARKETING_VERSION = 1.0;
				PRODUCT_BUNDLE_IDENTIFIER = "com.bebeuAgua.App-Ja-Bebeu-Agua";
				PRODUCT_NAME = "$(TARGET_NAME)";
				SWIFT_EMIT_LOC_STRINGS = YES;
				SWIFT_VERSION = 5.0;
				TARGETED_DEVICE_FAMILY = "1,2";
			};
			name = Debug;
		};
		577BC3B8270F64840020CB2A /* Release */ = {
			isa = XCBuildConfiguration;
			buildSettings = {
				ASSETCATALOG_COMPILER_APPICON_NAME = AppIcon;
				ASSETCATALOG_COMPILER_GLOBAL_ACCENT_COLOR_NAME = AccentColor;
				CODE_SIGN_STYLE = Automatic;
				CURRENT_PROJECT_VERSION = 1;
				DEVELOPMENT_TEAM = 7D8B57U5CD;
				GENERATE_INFOPLIST_FILE = YES;
				INFOPLIST_FILE = "App Ja Bebeu Agua/Info.plist";
				INFOPLIST_KEY_UIApplicationSupportsIndirectInputEvents = YES;
				INFOPLIST_KEY_UILaunchStoryboardName = LaunchScreen;
				INFOPLIST_KEY_UIMainStoryboardFile = Main;
				INFOPLIST_KEY_UISupportedInterfaceOrientations_iPad = "UIInterfaceOrientationPortrait UIInterfaceOrientationPortraitUpsideDown UIInterfaceOrientationLandscapeLeft UIInterfaceOrientationLandscapeRight";
				INFOPLIST_KEY_UISupportedInterfaceOrientations_iPhone = "UIInterfaceOrientationPortrait UIInterfaceOrientationLandscapeLeft UIInterfaceOrientationLandscapeRight";
				LD_RUNPATH_SEARCH_PATHS = (
					"$(inherited)",
					"@executable_path/Frameworks",
				);
				MARKETING_VERSION = 1.0;
				PRODUCT_BUNDLE_IDENTIFIER = "com.bebeuAgua.App-Ja-Bebeu-Agua";
				PRODUCT_NAME = "$(TARGET_NAME)";
				SWIFT_EMIT_LOC_STRINGS = YES;
				SWIFT_VERSION = 5.0;
				TARGETED_DEVICE_FAMILY = "1,2";
			};
			name = Release;
		};
		577BC3BA270F64840020CB2A /* Debug */ = {
			isa = XCBuildConfiguration;
			buildSettings = {
				ALWAYS_EMBED_SWIFT_STANDARD_LIBRARIES = YES;
				BUNDLE_LOADER = "$(TEST_HOST)";
				CODE_SIGN_STYLE = Automatic;
				CURRENT_PROJECT_VERSION = 1;
				DEVELOPMENT_TEAM = 7D8B57U5CD;
				GENERATE_INFOPLIST_FILE = YES;
				IPHONEOS_DEPLOYMENT_TARGET = 15.0;
				LD_RUNPATH_SEARCH_PATHS = (
					"$(inherited)",
					"@executable_path/Frameworks",
					"@loader_path/Frameworks",
				);
				MARKETING_VERSION = 1.0;
				PRODUCT_BUNDLE_IDENTIFIER = "com.bebeuAgua.App-Ja-Bebeu-AguaTests";
				PRODUCT_NAME = "$(TARGET_NAME)";
				SWIFT_EMIT_LOC_STRINGS = NO;
				SWIFT_VERSION = 5.0;
				TARGETED_DEVICE_FAMILY = "1,2";
				TEST_HOST = "$(BUILT_PRODUCTS_DIR)/App Ja Bebeu Agua.app/App Ja Bebeu Agua";
			};
			name = Debug;
		};
		577BC3BB270F64840020CB2A /* Release */ = {
			isa = XCBuildConfiguration;
			buildSettings = {
				ALWAYS_EMBED_SWIFT_STANDARD_LIBRARIES = YES;
				BUNDLE_LOADER = "$(TEST_HOST)";
				CODE_SIGN_STYLE = Automatic;
				CURRENT_PROJECT_VERSION = 1;
				DEVELOPMENT_TEAM = 7D8B57U5CD;
				GENERATE_INFOPLIST_FILE = YES;
				IPHONEOS_DEPLOYMENT_TARGET = 15.0;
				LD_RUNPATH_SEARCH_PATHS = (
					"$(inherited)",
					"@executable_path/Frameworks",
					"@loader_path/Frameworks",
				);
				MARKETING_VERSION = 1.0;
				PRODUCT_BUNDLE_IDENTIFIER = "com.bebeuAgua.App-Ja-Bebeu-AguaTests";
				PRODUCT_NAME = "$(TARGET_NAME)";
				SWIFT_EMIT_LOC_STRINGS = NO;
				SWIFT_VERSION = 5.0;
				TARGETED_DEVICE_FAMILY = "1,2";
				TEST_HOST = "$(BUILT_PRODUCTS_DIR)/App Ja Bebeu Agua.app/App Ja Bebeu Agua";
			};
			name = Release;
		};
		577BC3BD270F64840020CB2A /* Debug */ = {
			isa = XCBuildConfiguration;
			buildSettings = {
				ALWAYS_EMBED_SWIFT_STANDARD_LIBRARIES = YES;
				CODE_SIGN_STYLE = Automatic;
				CURRENT_PROJECT_VERSION = 1;
				DEVELOPMENT_TEAM = 7D8B57U5CD;
				GENERATE_INFOPLIST_FILE = YES;
				LD_RUNPATH_SEARCH_PATHS = (
					"$(inherited)",
					"@executable_path/Frameworks",
					"@loader_path/Frameworks",
				);
				MARKETING_VERSION = 1.0;
				PRODUCT_BUNDLE_IDENTIFIER = "com.bebeuAgua.App-Ja-Bebeu-AguaUITests";
				PRODUCT_NAME = "$(TARGET_NAME)";
				SWIFT_EMIT_LOC_STRINGS = NO;
				SWIFT_VERSION = 5.0;
				TARGETED_DEVICE_FAMILY = "1,2";
				TEST_TARGET_NAME = "App Ja Bebeu Agua";
			};
			name = Debug;
		};
		577BC3BE270F64840020CB2A /* Release */ = {
			isa = XCBuildConfiguration;
			buildSettings = {
				ALWAYS_EMBED_SWIFT_STANDARD_LIBRARIES = YES;
				CODE_SIGN_STYLE = Automatic;
				CURRENT_PROJECT_VERSION = 1;
				DEVELOPMENT_TEAM = 7D8B57U5CD;
				GENERATE_INFOPLIST_FILE = YES;
				LD_RUNPATH_SEARCH_PATHS = (
					"$(inherited)",
					"@executable_path/Frameworks",
					"@loader_path/Frameworks",
				);
				MARKETING_VERSION = 1.0;
				PRODUCT_BUNDLE_IDENTIFIER = "com.bebeuAgua.App-Ja-Bebeu-AguaUITests";
				PRODUCT_NAME = "$(TARGET_NAME)";
				SWIFT_EMIT_LOC_STRINGS = NO;
				SWIFT_VERSION = 5.0;
				TARGETED_DEVICE_FAMILY = "1,2";
				TEST_TARGET_NAME = "App Ja Bebeu Agua";
			};
			name = Release;
		};
/* End XCBuildConfiguration section */

/* Begin XCConfigurationList section */
		577BC387270F64810020CB2A /* Build configuration list for PBXProject "App Ja Bebeu Agua" */ = {
			isa = XCConfigurationList;
			buildConfigurations = (
				577BC3B4270F64840020CB2A /* Debug */,
				577BC3B5270F64840020CB2A /* Release */,
			);
			defaultConfigurationIsVisible = 0;
			defaultConfigurationName = Release;
		};
		577BC3B6270F64840020CB2A /* Build configuration list for PBXNativeTarget "App Ja Bebeu Agua" */ = {
			isa = XCConfigurationList;
			buildConfigurations = (
				577BC3B7270F64840020CB2A /* Debug */,
				577BC3B8270F64840020CB2A /* Release */,
			);
			defaultConfigurationIsVisible = 0;
			defaultConfigurationName = Release;
		};
		577BC3B9270F64840020CB2A /* Build configuration list for PBXNativeTarget "App Ja Bebeu AguaTests" */ = {
			isa = XCConfigurationList;
			buildConfigurations = (
				577BC3BA270F64840020CB2A /* Debug */,
				577BC3BB270F64840020CB2A /* Release */,
			);
			defaultConfigurationIsVisible = 0;
			defaultConfigurationName = Release;
		};
		577BC3BC270F64840020CB2A /* Build configuration list for PBXNativeTarget "App Ja Bebeu AguaUITests" */ = {
			isa = XCConfigurationList;
			buildConfigurations = (
				577BC3BD270F64840020CB2A /* Debug */,
				577BC3BE270F64840020CB2A /* Release */,
			);
			defaultConfigurationIsVisible = 0;
			defaultConfigurationName = Release;
		};
/* End XCConfigurationList section */
	};
	rootObject = 577BC384270F64810020CB2A /* Project object */;
}
